
Microsoft Visual Studio Solution File, Format Version 12.00
# Visual Studio Version 16
VisualStudioVersion = 16.0.29411.108
MinimumVisualStudioVersion = 10.0.40219.1
Project("{FAE04EC0-301F-11D3-BF4B-00C04F79EFBC}") = "intro1", "intro1.csproj", "{2A096609-894E-4665-9F12-C5DF943CCEDD}"
EndProject
Global
	GlobalSection(SolutionConfigurationPlatforms) = preSolution
		Debug|Any CPU = Debug|Any CPU
		Release|Any CPU = Release|Any CPU
	EndGlobalSection
	GlobalSection(ProjectConfigurationPlatforms) = postSolution
		{2A096609-894E-4665-9F12-C5DF943CCEDD}.Debug|Any CPU.ActiveCfg = Debug|Any CPU
		{2A096609-894E-4665-9F12-C5DF943CCEDD}.Debug|Any CPU.Build.0 = Debug|Any CPU
		{2A096609-894E-4665-9F12-C5DF943CCEDD}.Release|Any CPU.ActiveCfg = Release|Any CPU
		{2A096609-894E-4665-9F12-C5DF943CCEDD}.Release|Any CPU.Build.0 = Release|Any CPU
	EndGlobalSection
	GlobalSection(SolutionProperties) = preSolution
		HideSolutionNode = FALSE
	EndGlobalSection
	GlobalSection(ExtensibilityGlobals) = postSolution
		SolutionGuid = {F02627B7-E837-45E5-BDE1-CA9BC1244F8B}
	EndGlobalSection
EndGlobal
