
Microsoft Visual Studio Solution File, Format Version 12.00
# Visual Studio Version 16
VisualStudioVersion = 16.0.30717.126
MinimumVisualStudioVersion = 10.0.40219.1
Project("{FAE04EC0-301F-11D3-BF4B-00C04F79EFBC}") = "intro1", "intro1\intro1.csproj", "{D6E2C3D3-D158-4067-A525-215DEBD9F5AE}"
EndProject
Global
	GlobalSection(SolutionConfigurationPlatforms) = preSolution
		Debug|Any CPU = Debug|Any CPU
		Release|Any CPU = Release|Any CPU
	EndGlobalSection
	GlobalSection(ProjectConfigurationPlatforms) = postSolution
		{D6E2C3D3-D158-4067-A525-215DEBD9F5AE}.Debug|Any CPU.ActiveCfg = Debug|Any CPU
		{D6E2C3D3-D158-4067-A525-215DEBD9F5AE}.Debug|Any CPU.Build.0 = Debug|Any CPU
		{D6E2C3D3-D158-4067-A525-215DEBD9F5AE}.Release|Any CPU.ActiveCfg = Release|Any CPU
		{D6E2C3D3-D158-4067-A525-215DEBD9F5AE}.Release|Any CPU.Build.0 = Release|Any CPU
	EndGlobalSection
	GlobalSection(SolutionProperties) = preSolution
		HideSolutionNode = FALSE
	EndGlobalSection
	GlobalSection(ExtensibilityGlobals) = postSolution
		SolutionGuid = {0CF200A0-09B2-4929-851F-6A077EA27624}
	EndGlobalSection
EndGlobal
