
Microsoft Visual Studio Solution File, Format Version 12.00
# Visual Studio Version 16
VisualStudioVersion = 16.0.29613.14
MinimumVisualStudioVersion = 10.0.40219.1
Project("{FAE04EC0-301F-11D3-BF4B-00C04F79EFBC}") = "intro1", "intro1.csproj", "{D3A51C2D-5DFD-49C4-9513-9C0964654954}"
EndProject
Global
	GlobalSection(SolutionConfigurationPlatforms) = preSolution
		Debug|Any CPU = Debug|Any CPU
		Release|Any CPU = Release|Any CPU
	EndGlobalSection
	GlobalSection(ProjectConfigurationPlatforms) = postSolution
		{D3A51C2D-5DFD-49C4-9513-9C0964654954}.Debug|Any CPU.ActiveCfg = Debug|Any CPU
		{D3A51C2D-5DFD-49C4-9513-9C0964654954}.Debug|Any CPU.Build.0 = Debug|Any CPU
		{D3A51C2D-5DFD-49C4-9513-9C0964654954}.Release|Any CPU.ActiveCfg = Release|Any CPU
		{D3A51C2D-5DFD-49C4-9513-9C0964654954}.Release|Any CPU.Build.0 = Release|Any CPU
	EndGlobalSection
	GlobalSection(SolutionProperties) = preSolution
		HideSolutionNode = FALSE
	EndGlobalSection
	GlobalSection(ExtensibilityGlobals) = postSolution
		SolutionGuid = {B2E4B4F4-E33C-4D77-BCEF-E12A941D3148}
	EndGlobalSection
EndGlobal
