
Microsoft Visual Studio Solution File, Format Version 12.00
# Visual Studio Version 16
VisualStudioVersion = 16.0.29503.13
MinimumVisualStudioVersion = 10.0.40219.1
Project("{9A19103F-16F7-4668-BE54-9A1E7A4F7556}") = "SampleApp", "SampleApp.csproj", "{C4CAF4A8-0779-4A0C-92C5-23B1D9559680}"
EndProject
Global
	GlobalSection(SolutionConfigurationPlatforms) = preSolution
		Debug|Any CPU = Debug|Any CPU
		Release|Any CPU = Release|Any CPU
	EndGlobalSection
	GlobalSection(ProjectConfigurationPlatforms) = postSolution
		{C4CAF4A8-0779-4A0C-92C5-23B1D9559680}.Debug|Any CPU.ActiveCfg = Debug|Any CPU
		{C4CAF4A8-0779-4A0C-92C5-23B1D9559680}.Debug|Any CPU.Build.0 = Debug|Any CPU
		{C4CAF4A8-0779-4A0C-92C5-23B1D9559680}.Release|Any CPU.ActiveCfg = Release|Any CPU
		{C4CAF4A8-0779-4A0C-92C5-23B1D9559680}.Release|Any CPU.Build.0 = Release|Any CPU
	EndGlobalSection
	GlobalSection(SolutionProperties) = preSolution
		HideSolutionNode = FALSE
	EndGlobalSection
	GlobalSection(ExtensibilityGlobals) = postSolution
		SolutionGuid = {6BE34A04-0DC7-4504-B498-5548B62F3CC7}
	EndGlobalSection
EndGlobal
