
Microsoft Visual Studio Solution File, Format Version 12.00
# Visual Studio Version 16
VisualStudioVersion = 16.0.29326.143
MinimumVisualStudioVersion = 10.0.40219.1
Project("{FAE04EC0-301F-11D3-BF4B-00C04F79EFBC}") = "intro1", "intro1.csproj", "{3FED9CF2-2C31-4B22-9620-119858355A41}"
EndProject
Global
	GlobalSection(SolutionConfigurationPlatforms) = preSolution
		Debug|Any CPU = Debug|Any CPU
		Release|Any CPU = Release|Any CPU
	EndGlobalSection
	GlobalSection(ProjectConfigurationPlatforms) = postSolution
		{3FED9CF2-2C31-4B22-9620-119858355A41}.Debug|Any CPU.ActiveCfg = Debug|Any CPU
		{3FED9CF2-2C31-4B22-9620-119858355A41}.Debug|Any CPU.Build.0 = Debug|Any CPU
		{3FED9CF2-2C31-4B22-9620-119858355A41}.Release|Any CPU.ActiveCfg = Release|Any CPU
		{3FED9CF2-2C31-4B22-9620-119858355A41}.Release|Any CPU.Build.0 = Release|Any CPU
	EndGlobalSection
	GlobalSection(SolutionProperties) = preSolution
		HideSolutionNode = FALSE
	EndGlobalSection
	GlobalSection(ExtensibilityGlobals) = postSolution
		SolutionGuid = {1B0A0DB5-37B8-46FE-8557-6A864898BD7B}
	EndGlobalSection
EndGlobal
