
Microsoft Visual Studio Solution File, Format Version 12.00
# Visual Studio Version 16
VisualStudioVersion = 16.0.30717.126
MinimumVisualStudioVersion = 10.0.40219.1
Project("{FAE04EC0-301F-11D3-BF4B-00C04F79EFBC}") = "intro1", "intro1\intro1.csproj", "{D5A004ED-93C7-4659-9701-0A6521F28822}"
EndProject
Global
	GlobalSection(SolutionConfigurationPlatforms) = preSolution
		Debug|Any CPU = Debug|Any CPU
		Release|Any CPU = Release|Any CPU
	EndGlobalSection
	GlobalSection(ProjectConfigurationPlatforms) = postSolution
		{D5A004ED-93C7-4659-9701-0A6521F28822}.Debug|Any CPU.ActiveCfg = Debug|Any CPU
		{D5A004ED-93C7-4659-9701-0A6521F28822}.Debug|Any CPU.Build.0 = Debug|Any CPU
		{D5A004ED-93C7-4659-9701-0A6521F28822}.Release|Any CPU.ActiveCfg = Release|Any CPU
		{D5A004ED-93C7-4659-9701-0A6521F28822}.Release|Any CPU.Build.0 = Release|Any CPU
	EndGlobalSection
	GlobalSection(SolutionProperties) = preSolution
		HideSolutionNode = FALSE
	EndGlobalSection
	GlobalSection(ExtensibilityGlobals) = postSolution
		SolutionGuid = {7BC71E4B-D4F1-4217-B39E-E6C4E1B7BFA2}
	EndGlobalSection
EndGlobal
