
Microsoft Visual Studio Solution File, Format Version 12.00
# Visual Studio Version 16
VisualStudioVersion = 16.0.29318.209
MinimumVisualStudioVersion = 10.0.40219.1
Project("{FAE04EC0-301F-11D3-BF4B-00C04F79EFBC}") = "intro1", "intro1.csproj", "{CC8984D5-D7AF-417D-A762-13D6AFD6DFD2}"
EndProject
Global
	GlobalSection(SolutionConfigurationPlatforms) = preSolution
		Debug|Any CPU = Debug|Any CPU
		Release|Any CPU = Release|Any CPU
	EndGlobalSection
	GlobalSection(ProjectConfigurationPlatforms) = postSolution
		{CC8984D5-D7AF-417D-A762-13D6AFD6DFD2}.Debug|Any CPU.ActiveCfg = Debug|Any CPU
		{CC8984D5-D7AF-417D-A762-13D6AFD6DFD2}.Debug|Any CPU.Build.0 = Debug|Any CPU
		{CC8984D5-D7AF-417D-A762-13D6AFD6DFD2}.Release|Any CPU.ActiveCfg = Release|Any CPU
		{CC8984D5-D7AF-417D-A762-13D6AFD6DFD2}.Release|Any CPU.Build.0 = Release|Any CPU
	EndGlobalSection
	GlobalSection(SolutionProperties) = preSolution
		HideSolutionNode = FALSE
	EndGlobalSection
	GlobalSection(ExtensibilityGlobals) = postSolution
		SolutionGuid = {F7E42A25-37ED-47A5-814D-23DDF8FE605A}
	EndGlobalSection
EndGlobal
