
Microsoft Visual Studio Solution File, Format Version 12.00
# Visual Studio Version 16
VisualStudioVersion = 16.0.30711.63
MinimumVisualStudioVersion = 10.0.40219.1
Project("{FAE04EC0-301F-11D3-BF4B-00C04F79EFBC}") = "BlazorApp1", "BlazorApp1.csproj", "{2B5B3A1D-ECC6-4DDB-AE70-EE818E44613A}"
EndProject
Global
	GlobalSection(SolutionConfigurationPlatforms) = preSolution
		Debug|Any CPU = Debug|Any CPU
		Release|Any CPU = Release|Any CPU
	EndGlobalSection
	GlobalSection(ProjectConfigurationPlatforms) = postSolution
		{2B5B3A1D-ECC6-4DDB-AE70-EE818E44613A}.Debug|Any CPU.ActiveCfg = Debug|Any CPU
		{2B5B3A1D-ECC6-4DDB-AE70-EE818E44613A}.Debug|Any CPU.Build.0 = Debug|Any CPU
		{2B5B3A1D-ECC6-4DDB-AE70-EE818E44613A}.Release|Any CPU.ActiveCfg = Release|Any CPU
		{2B5B3A1D-ECC6-4DDB-AE70-EE818E44613A}.Release|Any CPU.Build.0 = Release|Any CPU
	EndGlobalSection
	GlobalSection(SolutionProperties) = preSolution
		HideSolutionNode = FALSE
	EndGlobalSection
	GlobalSection(ExtensibilityGlobals) = postSolution
		SolutionGuid = {0C564F27-B02C-4CAB-96B3-7840FB2BBE9D}
	EndGlobalSection
EndGlobal
