
Microsoft Visual Studio Solution File, Format Version 12.00
# Visual Studio Version 16
VisualStudioVersion = 16.0.31321.278
MinimumVisualStudioVersion = 10.0.40219.1
Project("{FAE04EC0-301F-11D3-BF4B-00C04F79EFBC}") = "Intro1", "Intro1\Intro1.csproj", "{928FBFF7-F4FD-449B-8EA7-E11839D87AA6}"
EndProject
Global
	GlobalSection(SolutionConfigurationPlatforms) = preSolution
		Debug|Any CPU = Debug|Any CPU
		Release|Any CPU = Release|Any CPU
	EndGlobalSection
	GlobalSection(ProjectConfigurationPlatforms) = postSolution
		{928FBFF7-F4FD-449B-8EA7-E11839D87AA6}.Debug|Any CPU.ActiveCfg = Debug|Any CPU
		{928FBFF7-F4FD-449B-8EA7-E11839D87AA6}.Debug|Any CPU.Build.0 = Debug|Any CPU
		{928FBFF7-F4FD-449B-8EA7-E11839D87AA6}.Release|Any CPU.ActiveCfg = Release|Any CPU
		{928FBFF7-F4FD-449B-8EA7-E11839D87AA6}.Release|Any CPU.Build.0 = Release|Any CPU
	EndGlobalSection
	GlobalSection(SolutionProperties) = preSolution
		HideSolutionNode = FALSE
	EndGlobalSection
	GlobalSection(ExtensibilityGlobals) = postSolution
		SolutionGuid = {00C50728-C2BA-43BC-A87E-B495C9BBC388}
	EndGlobalSection
EndGlobal
