
Microsoft Visual Studio Solution File, Format Version 12.00
# Visual Studio Version 16
VisualStudioVersion = 16.0.30611.23
MinimumVisualStudioVersion = 10.0.40219.1
Project("{FAE04EC0-301F-11D3-BF4B-00C04F79EFBC}") = "Intro1", "Intro1.csproj", "{8929975A-472B-486B-BBD1-A7A130B03D26}"
EndProject
Global
	GlobalSection(SolutionConfigurationPlatforms) = preSolution
		Debug|Any CPU = Debug|Any CPU
		Release|Any CPU = Release|Any CPU
	EndGlobalSection
	GlobalSection(ProjectConfigurationPlatforms) = postSolution
		{8929975A-472B-486B-BBD1-A7A130B03D26}.Debug|Any CPU.ActiveCfg = Debug|Any CPU
		{8929975A-472B-486B-BBD1-A7A130B03D26}.Debug|Any CPU.Build.0 = Debug|Any CPU
		{8929975A-472B-486B-BBD1-A7A130B03D26}.Release|Any CPU.ActiveCfg = Release|Any CPU
		{8929975A-472B-486B-BBD1-A7A130B03D26}.Release|Any CPU.Build.0 = Release|Any CPU
	EndGlobalSection
	GlobalSection(SolutionProperties) = preSolution
		HideSolutionNode = FALSE
	EndGlobalSection
	GlobalSection(ExtensibilityGlobals) = postSolution
		SolutionGuid = {50396998-A4CB-49DC-96F6-A26FE2F40896}
	EndGlobalSection
EndGlobal
