
Microsoft Visual Studio Solution File, Format Version 12.00
# Visual Studio Version 16
VisualStudioVersion = 16.0.29411.108
MinimumVisualStudioVersion = 10.0.40219.1
Project("{FAE04EC0-301F-11D3-BF4B-00C04F79EFBC}") = "intro1", "intro1.csproj", "{C0642652-A2FE-427E-8879-A4868ED4B447}"
EndProject
Global
	GlobalSection(SolutionConfigurationPlatforms) = preSolution
		Debug|Any CPU = Debug|Any CPU
		Release|Any CPU = Release|Any CPU
	EndGlobalSection
	GlobalSection(ProjectConfigurationPlatforms) = postSolution
		{C0642652-A2FE-427E-8879-A4868ED4B447}.Debug|Any CPU.ActiveCfg = Debug|Any CPU
		{C0642652-A2FE-427E-8879-A4868ED4B447}.Debug|Any CPU.Build.0 = Debug|Any CPU
		{C0642652-A2FE-427E-8879-A4868ED4B447}.Release|Any CPU.ActiveCfg = Release|Any CPU
		{C0642652-A2FE-427E-8879-A4868ED4B447}.Release|Any CPU.Build.0 = Release|Any CPU
	EndGlobalSection
	GlobalSection(SolutionProperties) = preSolution
		HideSolutionNode = FALSE
	EndGlobalSection
	GlobalSection(ExtensibilityGlobals) = postSolution
		SolutionGuid = {591D7E08-EF2B-4ACC-9B92-02168C16DC90}
	EndGlobalSection
EndGlobal
