
Microsoft Visual Studio Solution File, Format Version 12.00
# Visual Studio Version 16
VisualStudioVersion = 16.0.29503.13
MinimumVisualStudioVersion = 10.0.40219.1
Project("{9A19103F-16F7-4668-BE54-9A1E7A4F7556}") = "BlobQuickstartV12", "BlobQuickstartV12.csproj", "{D825F3FB-E813-45BA-B11F-6D3F1353B15D}"
EndProject
Project("{FAE04EC0-301F-11D3-BF4B-00C04F79EFBC}") = "BlobQuickStartStandart", "..\BlobQuickStartStandart\BlobQuickStartStandart.csproj", "{F9DC48CF-B7A2-40F5-9332-B498F553DBF2}"
EndProject
Global
	GlobalSection(SolutionConfigurationPlatforms) = preSolution
		Debug|Any CPU = Debug|Any CPU
		Release|Any CPU = Release|Any CPU
	EndGlobalSection
	GlobalSection(ProjectConfigurationPlatforms) = postSolution
		{D825F3FB-E813-45BA-B11F-6D3F1353B15D}.Debug|Any CPU.ActiveCfg = Debug|Any CPU
		{D825F3FB-E813-45BA-B11F-6D3F1353B15D}.Debug|Any CPU.Build.0 = Debug|Any CPU
		{D825F3FB-E813-45BA-B11F-6D3F1353B15D}.Release|Any CPU.ActiveCfg = Release|Any CPU
		{D825F3FB-E813-45BA-B11F-6D3F1353B15D}.Release|Any CPU.Build.0 = Release|Any CPU
		{F9DC48CF-B7A2-40F5-9332-B498F553DBF2}.Debug|Any CPU.ActiveCfg = Debug|Any CPU
		{F9DC48CF-B7A2-40F5-9332-B498F553DBF2}.Debug|Any CPU.Build.0 = Debug|Any CPU
		{F9DC48CF-B7A2-40F5-9332-B498F553DBF2}.Release|Any CPU.ActiveCfg = Release|Any CPU
		{F9DC48CF-B7A2-40F5-9332-B498F553DBF2}.Release|Any CPU.Build.0 = Release|Any CPU
	EndGlobalSection
	GlobalSection(SolutionProperties) = preSolution
		HideSolutionNode = FALSE
	EndGlobalSection
	GlobalSection(ExtensibilityGlobals) = postSolution
		SolutionGuid = {F2FC4DA5-D579-4C5F-83D5-9E99C7B7C301}
	EndGlobalSection
EndGlobal
