
Microsoft Visual Studio Solution File, Format Version 12.00
# Visual Studio Version 16
VisualStudioVersion = 16.0.29411.108
MinimumVisualStudioVersion = 10.0.40219.1
Project("{FAE04EC0-301F-11D3-BF4B-00C04F79EFBC}") = "intro1", "intro1\intro1.csproj", "{49EE66C5-53DD-4A22-AE45-B2ECB454B319}"
EndProject
Global
	GlobalSection(SolutionConfigurationPlatforms) = preSolution
		Debug|Any CPU = Debug|Any CPU
		Release|Any CPU = Release|Any CPU
	EndGlobalSection
	GlobalSection(ProjectConfigurationPlatforms) = postSolution
		{49EE66C5-53DD-4A22-AE45-B2ECB454B319}.Debug|Any CPU.ActiveCfg = Debug|Any CPU
		{49EE66C5-53DD-4A22-AE45-B2ECB454B319}.Debug|Any CPU.Build.0 = Debug|Any CPU
		{49EE66C5-53DD-4A22-AE45-B2ECB454B319}.Release|Any CPU.ActiveCfg = Release|Any CPU
		{49EE66C5-53DD-4A22-AE45-B2ECB454B319}.Release|Any CPU.Build.0 = Release|Any CPU
	EndGlobalSection
	GlobalSection(SolutionProperties) = preSolution
		HideSolutionNode = FALSE
	EndGlobalSection
	GlobalSection(ExtensibilityGlobals) = postSolution
		SolutionGuid = {88E933C4-EF4D-45F7-999D-BDD079F1BC81}
	EndGlobalSection
EndGlobal
