
Microsoft Visual Studio Solution File, Format Version 12.00
# Visual Studio Version 16
VisualStudioVersion = 16.0.29324.140
MinimumVisualStudioVersion = 10.0.40219.1
Project("{FAE04EC0-301F-11D3-BF4B-00C04F79EFBC}") = "intro1", "intro1.csproj", "{81BFD495-09AD-4F2D-BCBE-136A0BA70C0E}"
EndProject
Global
	GlobalSection(SolutionConfigurationPlatforms) = preSolution
		Debug|Any CPU = Debug|Any CPU
		Release|Any CPU = Release|Any CPU
	EndGlobalSection
	GlobalSection(ProjectConfigurationPlatforms) = postSolution
		{81BFD495-09AD-4F2D-BCBE-136A0BA70C0E}.Debug|Any CPU.ActiveCfg = Debug|Any CPU
		{81BFD495-09AD-4F2D-BCBE-136A0BA70C0E}.Debug|Any CPU.Build.0 = Debug|Any CPU
		{81BFD495-09AD-4F2D-BCBE-136A0BA70C0E}.Release|Any CPU.ActiveCfg = Release|Any CPU
		{81BFD495-09AD-4F2D-BCBE-136A0BA70C0E}.Release|Any CPU.Build.0 = Release|Any CPU
	EndGlobalSection
	GlobalSection(SolutionProperties) = preSolution
		HideSolutionNode = FALSE
	EndGlobalSection
	GlobalSection(ExtensibilityGlobals) = postSolution
		SolutionGuid = {6EF01198-6826-4955-9A7C-77502572C819}
	EndGlobalSection
EndGlobal
