
Microsoft Visual Studio Solution File, Format Version 12.00
# Visual Studio Version 16
VisualStudioVersion = 16.0.30717.126
MinimumVisualStudioVersion = 10.0.40219.1
Project("{9A19103F-16F7-4668-BE54-9A1E7A4F7556}") = "intro1", "intro1.csproj", "{48B3CC74-661A-428F-BE63-AD6220C1A070}"
EndProject
Global
	GlobalSection(SolutionConfigurationPlatforms) = preSolution
		Debug|Any CPU = Debug|Any CPU
		Release|Any CPU = Release|Any CPU
	EndGlobalSection
	GlobalSection(ProjectConfigurationPlatforms) = postSolution
		{48B3CC74-661A-428F-BE63-AD6220C1A070}.Debug|Any CPU.ActiveCfg = Debug|Any CPU
		{48B3CC74-661A-428F-BE63-AD6220C1A070}.Debug|Any CPU.Build.0 = Debug|Any CPU
		{48B3CC74-661A-428F-BE63-AD6220C1A070}.Release|Any CPU.ActiveCfg = Release|Any CPU
		{48B3CC74-661A-428F-BE63-AD6220C1A070}.Release|Any CPU.Build.0 = Release|Any CPU
	EndGlobalSection
	GlobalSection(SolutionProperties) = preSolution
		HideSolutionNode = FALSE
	EndGlobalSection
	GlobalSection(ExtensibilityGlobals) = postSolution
		SolutionGuid = {F4049DEC-B001-44A4-91DE-FAB02C4445F9}
	EndGlobalSection
EndGlobal
