
Microsoft Visual Studio Solution File, Format Version 12.00
# Visual Studio Version 16
VisualStudioVersion = 16.0.29411.108
MinimumVisualStudioVersion = 10.0.40219.1
Project("{FAE04EC0-301F-11D3-BF4B-00C04F79EFBC}") = "intro1", "intro1\intro1.csproj", "{DDB59BE4-2090-4324-A696-87C88EC2B397}"
EndProject
Global
	GlobalSection(SolutionConfigurationPlatforms) = preSolution
		Debug|Any CPU = Debug|Any CPU
		Release|Any CPU = Release|Any CPU
	EndGlobalSection
	GlobalSection(ProjectConfigurationPlatforms) = postSolution
		{DDB59BE4-2090-4324-A696-87C88EC2B397}.Debug|Any CPU.ActiveCfg = Debug|Any CPU
		{DDB59BE4-2090-4324-A696-87C88EC2B397}.Debug|Any CPU.Build.0 = Debug|Any CPU
		{DDB59BE4-2090-4324-A696-87C88EC2B397}.Release|Any CPU.ActiveCfg = Release|Any CPU
		{DDB59BE4-2090-4324-A696-87C88EC2B397}.Release|Any CPU.Build.0 = Release|Any CPU
	EndGlobalSection
	GlobalSection(SolutionProperties) = preSolution
		HideSolutionNode = FALSE
	EndGlobalSection
	GlobalSection(ExtensibilityGlobals) = postSolution
		SolutionGuid = {518ED4B8-1791-4F03-8BA3-2029EBC9D30A}
	EndGlobalSection
EndGlobal
